
Microsoft Visual Studio Solution File, Format Version 12.00
# Visual Studio Version 17
VisualStudioVersion = 17.5.33502.453
MinimumVisualStudioVersion = 10.0.40219.1
Project("{8BC9CEB8-8B4A-11D0-8D11-00A0C91BC942}") = "輾轉相除法", "輾轉相除法\輾轉相除法.vcxproj", "{21CCFB8F-2CDC-4161-896C-CF1F98CD04B1}"
EndProject
Global
	GlobalSection(SolutionConfigurationPlatforms) = preSolution
		Debug|x64 = Debug|x64
		Debug|x86 = Debug|x86
		Release|x64 = Release|x64
		Release|x86 = Release|x86
	EndGlobalSection
	GlobalSection(ProjectConfigurationPlatforms) = postSolution
		{21CCFB8F-2CDC-4161-896C-CF1F98CD04B1}.Debug|x64.ActiveCfg = Debug|x64
		{21CCFB8F-2CDC-4161-896C-CF1F98CD04B1}.Debug|x64.Build.0 = Debug|x64
		{21CCFB8F-2CDC-4161-896C-CF1F98CD04B1}.Debug|x86.ActiveCfg = Debug|Win32
		{21CCFB8F-2CDC-4161-896C-CF1F98CD04B1}.Debug|x86.Build.0 = Debug|Win32
		{21CCFB8F-2CDC-4161-896C-CF1F98CD04B1}.Release|x64.ActiveCfg = Release|x64
		{21CCFB8F-2CDC-4161-896C-CF1F98CD04B1}.Release|x64.Build.0 = Release|x64
		{21CCFB8F-2CDC-4161-896C-CF1F98CD04B1}.Release|x86.ActiveCfg = Release|Win32
		{21CCFB8F-2CDC-4161-896C-CF1F98CD04B1}.Release|x86.Build.0 = Release|Win32
	EndGlobalSection
	GlobalSection(SolutionProperties) = preSolution
		HideSolutionNode = FALSE
	EndGlobalSection
	GlobalSection(ExtensibilityGlobals) = postSolution
		SolutionGuid = {E91F388B-34D1-4E5F-87C4-C0642E608053}
	EndGlobalSection
EndGlobal
